
Microsoft Visual Studio Solution File, Format Version 12.00
# Visual Studio Version 16
VisualStudioVersion = 16.0.31105.61
MinimumVisualStudioVersion = 10.0.40219.1
Project("{9A19103F-16F7-4668-BE54-9A1E7A4F7556}") = "DockerMenuApi", "DockerMenuApi.csproj", "{608DE127-B1DB-4B3D-9F2B-2113586F1356}"
EndProject
Global
	GlobalSection(SolutionConfigurationPlatforms) = preSolution
		Debug|Any CPU = Debug|Any CPU
		Release|Any CPU = Release|Any CPU
	EndGlobalSection
	GlobalSection(ProjectConfigurationPlatforms) = postSolution
		{608DE127-B1DB-4B3D-9F2B-2113586F1356}.Debug|Any CPU.ActiveCfg = Debug|Any CPU
		{608DE127-B1DB-4B3D-9F2B-2113586F1356}.Debug|Any CPU.Build.0 = Debug|Any CPU
		{608DE127-B1DB-4B3D-9F2B-2113586F1356}.Release|Any CPU.ActiveCfg = Release|Any CPU
		{608DE127-B1DB-4B3D-9F2B-2113586F1356}.Release|Any CPU.Build.0 = Release|Any CPU
	EndGlobalSection
	GlobalSection(SolutionProperties) = preSolution
		HideSolutionNode = FALSE
	EndGlobalSection
	GlobalSection(ExtensibilityGlobals) = postSolution
		SolutionGuid = {73F28E9B-F233-435B-BFBC-5CFBBBCA84EA}
	EndGlobalSection
EndGlobal
